
Microsoft Visual Studio Solution File, Format Version 12.00
# Visual Studio 14
VisualStudioVersion = 14.0.25420.1
MinimumVisualStudioVersion = 10.0.40219.1
Project("{2150E333-8FDC-42A3-9474-1A3956D46DE8}") = "Multithreading", "Multithreading", "{93154CAD-0952-4DA8-ACB7-E6E8DF3F4E05}"
EndProject
Project("{2150E333-8FDC-42A3-9474-1A3956D46DE8}") = "Task2", "Task2", "{15AF1C56-6CE5-4A2A-9BA9-9CCB7BEF6D08}"
EndProject
Project("{FAE04EC0-301F-11D3-BF4B-00C04F79EFBC}") = "ServerConsole", "Multithreading\ServerConsole\ServerConsole.csproj", "{3937FB7B-0D31-4A04-B181-5F0BE9FBF17A}"
EndProject
Project("{FAE04EC0-301F-11D3-BF4B-00C04F79EFBC}") = "ClientConsole", "Multithreading\ClientConsole\ClientConsole.csproj", "{B9A93DC8-83B2-42F2-A389-360F992C9500}"
EndProject
Project("{FAE04EC0-301F-11D3-BF4B-00C04F79EFBC}") = "Task6", "Multithreading\Task6\Task6.csproj", "{BE209824-88FF-4C5E-A50C-CA245D725783}"
EndProject
Project("{2150E333-8FDC-42A3-9474-1A3956D46DE8}") = "Task6", "Task6", "{62E621C0-0110-4546-BDF5-DBAA3C76A365}"
EndProject
Project("{FAE04EC0-301F-11D3-BF4B-00C04F79EFBC}") = "Task7", "Multithreading\Task7\Task7.csproj", "{FE1AD7BD-C301-444A-90FA-DAADC70774D5}"
EndProject
Project("{2150E333-8FDC-42A3-9474-1A3956D46DE8}") = "Task7", "Task7", "{0ACA0D15-A340-4B14-8DEF-57C0E3DCD1AF}"
EndProject
Project("{FAE04EC0-301F-11D3-BF4B-00C04F79EFBC}") = "Task5", "Multithreading\Task5\Task5.csproj", "{FBF3373B-775A-462A-AAA4-F6667AC6792A}"
EndProject
Project("{2150E333-8FDC-42A3-9474-1A3956D46DE8}") = "Task5", "Task5", "{E571784E-A41E-4468-AA87-534EE0C53B54}"
EndProject
Project("{D954291E-2A0B-460D-934E-DC6B0785DB48}") = "SocketHelper", "Multithreading\SocketHelper\SocketHelper.shproj", "{8FCE36E4-F736-49B2-8393-055479B3080C}"
EndProject
Project("{2150E333-8FDC-42A3-9474-1A3956D46DE8}") = "Async I Await", "Async I Await", "{4E1D192C-CE81-40CF-8570-AA006D373C50}"
EndProject
Project("{FAE04EC0-301F-11D3-BF4B-00C04F79EFBC}") = "Task2", "Async I Await\Task2\Task2.csproj", "{7A18C7EC-1A3F-4C02-B744-20907C00921B}"
EndProject
Project("{2150E333-8FDC-42A3-9474-1A3956D46DE8}") = "Task2", "Task2", "{36212117-16E5-45C9-8149-1821359C72A6}"
EndProject
Project("{FAE04EC0-301F-11D3-BF4B-00C04F79EFBC}") = "Task3", "Task3\Task3.csproj", "{A8D8F842-A75E-4DC6-BFDD-DFA636AFF5A1}"
EndProject
Project("{FAE04EC0-301F-11D3-BF4B-00C04F79EFBC}") = "ShopRepository", "ShopRepository\ShopRepository.csproj", "{B7CC6926-C664-4DAE-84A8-8D1BF6218719}"
EndProject
Global
	GlobalSection(SharedMSBuildProjectFiles) = preSolution
		Multithreading\SocketHelper\SocketHelper.projitems*{3937fb7b-0d31-4a04-b181-5f0be9fbf17a}*SharedItemsImports = 4
		Multithreading\SocketHelper\SocketHelper.projitems*{8fce36e4-f736-49b2-8393-055479b3080c}*SharedItemsImports = 13
		Multithreading\SocketHelper\SocketHelper.projitems*{b9a93dc8-83b2-42f2-a389-360f992c9500}*SharedItemsImports = 4
	EndGlobalSection
	GlobalSection(SolutionConfigurationPlatforms) = preSolution
		Debug|Any CPU = Debug|Any CPU
		Release|Any CPU = Release|Any CPU
	EndGlobalSection
	GlobalSection(ProjectConfigurationPlatforms) = postSolution
		{3937FB7B-0D31-4A04-B181-5F0BE9FBF17A}.Debug|Any CPU.ActiveCfg = Debug|Any CPU
		{3937FB7B-0D31-4A04-B181-5F0BE9FBF17A}.Debug|Any CPU.Build.0 = Debug|Any CPU
		{3937FB7B-0D31-4A04-B181-5F0BE9FBF17A}.Release|Any CPU.ActiveCfg = Release|Any CPU
		{3937FB7B-0D31-4A04-B181-5F0BE9FBF17A}.Release|Any CPU.Build.0 = Release|Any CPU
		{B9A93DC8-83B2-42F2-A389-360F992C9500}.Debug|Any CPU.ActiveCfg = Debug|Any CPU
		{B9A93DC8-83B2-42F2-A389-360F992C9500}.Debug|Any CPU.Build.0 = Debug|Any CPU
		{B9A93DC8-83B2-42F2-A389-360F992C9500}.Release|Any CPU.ActiveCfg = Release|Any CPU
		{B9A93DC8-83B2-42F2-A389-360F992C9500}.Release|Any CPU.Build.0 = Release|Any CPU
		{BE209824-88FF-4C5E-A50C-CA245D725783}.Debug|Any CPU.ActiveCfg = Debug|Any CPU
		{BE209824-88FF-4C5E-A50C-CA245D725783}.Debug|Any CPU.Build.0 = Debug|Any CPU
		{BE209824-88FF-4C5E-A50C-CA245D725783}.Release|Any CPU.ActiveCfg = Release|Any CPU
		{BE209824-88FF-4C5E-A50C-CA245D725783}.Release|Any CPU.Build.0 = Release|Any CPU
		{FE1AD7BD-C301-444A-90FA-DAADC70774D5}.Debug|Any CPU.ActiveCfg = Debug|Any CPU
		{FE1AD7BD-C301-444A-90FA-DAADC70774D5}.Debug|Any CPU.Build.0 = Debug|Any CPU
		{FE1AD7BD-C301-444A-90FA-DAADC70774D5}.Release|Any CPU.ActiveCfg = Release|Any CPU
		{FE1AD7BD-C301-444A-90FA-DAADC70774D5}.Release|Any CPU.Build.0 = Release|Any CPU
		{FBF3373B-775A-462A-AAA4-F6667AC6792A}.Debug|Any CPU.ActiveCfg = Debug|Any CPU
		{FBF3373B-775A-462A-AAA4-F6667AC6792A}.Debug|Any CPU.Build.0 = Debug|Any CPU
		{FBF3373B-775A-462A-AAA4-F6667AC6792A}.Release|Any CPU.ActiveCfg = Release|Any CPU
		{FBF3373B-775A-462A-AAA4-F6667AC6792A}.Release|Any CPU.Build.0 = Release|Any CPU
		{7A18C7EC-1A3F-4C02-B744-20907C00921B}.Debug|Any CPU.ActiveCfg = Debug|Any CPU
		{7A18C7EC-1A3F-4C02-B744-20907C00921B}.Debug|Any CPU.Build.0 = Debug|Any CPU
		{7A18C7EC-1A3F-4C02-B744-20907C00921B}.Release|Any CPU.ActiveCfg = Release|Any CPU
		{7A18C7EC-1A3F-4C02-B744-20907C00921B}.Release|Any CPU.Build.0 = Release|Any CPU
		{A8D8F842-A75E-4DC6-BFDD-DFA636AFF5A1}.Debug|Any CPU.ActiveCfg = Debug|Any CPU
		{A8D8F842-A75E-4DC6-BFDD-DFA636AFF5A1}.Debug|Any CPU.Build.0 = Debug|Any CPU
		{A8D8F842-A75E-4DC6-BFDD-DFA636AFF5A1}.Release|Any CPU.ActiveCfg = Release|Any CPU
		{A8D8F842-A75E-4DC6-BFDD-DFA636AFF5A1}.Release|Any CPU.Build.0 = Release|Any CPU
		{B7CC6926-C664-4DAE-84A8-8D1BF6218719}.Debug|Any CPU.ActiveCfg = Debug|Any CPU
		{B7CC6926-C664-4DAE-84A8-8D1BF6218719}.Debug|Any CPU.Build.0 = Debug|Any CPU
		{B7CC6926-C664-4DAE-84A8-8D1BF6218719}.Release|Any CPU.ActiveCfg = Release|Any CPU
		{B7CC6926-C664-4DAE-84A8-8D1BF6218719}.Release|Any CPU.Build.0 = Release|Any CPU
	EndGlobalSection
	GlobalSection(SolutionProperties) = preSolution
		HideSolutionNode = FALSE
	EndGlobalSection
	GlobalSection(NestedProjects) = preSolution
		{15AF1C56-6CE5-4A2A-9BA9-9CCB7BEF6D08} = {93154CAD-0952-4DA8-ACB7-E6E8DF3F4E05}
		{3937FB7B-0D31-4A04-B181-5F0BE9FBF17A} = {15AF1C56-6CE5-4A2A-9BA9-9CCB7BEF6D08}
		{B9A93DC8-83B2-42F2-A389-360F992C9500} = {15AF1C56-6CE5-4A2A-9BA9-9CCB7BEF6D08}
		{BE209824-88FF-4C5E-A50C-CA245D725783} = {62E621C0-0110-4546-BDF5-DBAA3C76A365}
		{62E621C0-0110-4546-BDF5-DBAA3C76A365} = {93154CAD-0952-4DA8-ACB7-E6E8DF3F4E05}
		{FE1AD7BD-C301-444A-90FA-DAADC70774D5} = {0ACA0D15-A340-4B14-8DEF-57C0E3DCD1AF}
		{0ACA0D15-A340-4B14-8DEF-57C0E3DCD1AF} = {93154CAD-0952-4DA8-ACB7-E6E8DF3F4E05}
		{FBF3373B-775A-462A-AAA4-F6667AC6792A} = {E571784E-A41E-4468-AA87-534EE0C53B54}
		{E571784E-A41E-4468-AA87-534EE0C53B54} = {93154CAD-0952-4DA8-ACB7-E6E8DF3F4E05}
		{8FCE36E4-F736-49B2-8393-055479B3080C} = {15AF1C56-6CE5-4A2A-9BA9-9CCB7BEF6D08}
		{7A18C7EC-1A3F-4C02-B744-20907C00921B} = {36212117-16E5-45C9-8149-1821359C72A6}
		{36212117-16E5-45C9-8149-1821359C72A6} = {4E1D192C-CE81-40CF-8570-AA006D373C50}
	EndGlobalSection
	GlobalSection(ExtensibilityGlobals) = postSolution
		SolutionGuid = {173C4E00-668C-4A1C-9BE8-3E875543813B}
	EndGlobalSection
EndGlobal
