
Microsoft Visual Studio Solution File, Format Version 12.00
# Visual Studio 14
VisualStudioVersion = 14.0.25420.1
MinimumVisualStudioVersion = 10.0.40219.1
Project("{FAE04EC0-301F-11D3-BF4B-00C04F79EFBC}") = "Task5", "Multithreading\Task5\Task5.csproj", "{FBF3373B-775A-462A-AAA4-F6667AC6792A}"
EndProject
Project("{2150E333-8FDC-42A3-9474-1A3956D46DE8}") = "Multithreading", "Multithreading", "{D6A67663-4D7D-4D2D-AD03-7AF6CB94D192}"
EndProject
Project("{2150E333-8FDC-42A3-9474-1A3956D46DE8}") = "Task5", "Task5", "{E571784E-A41E-4468-AA87-534EE0C53B54}"
EndProject
Project("{FAE04EC0-301F-11D3-BF4B-00C04F79EFBC}") = "Task6", "Multithreading\Task6\Task6.csproj", "{BE209824-88FF-4C5E-A50C-CA245D725783}"
EndProject
Project("{2150E333-8FDC-42A3-9474-1A3956D46DE8}") = "Task6", "Task6", "{62E621C0-0110-4546-BDF5-DBAA3C76A365}"
EndProject
Global
	GlobalSection(SolutionConfigurationPlatforms) = preSolution
		Debug|Any CPU = Debug|Any CPU
		Release|Any CPU = Release|Any CPU
	EndGlobalSection
	GlobalSection(ProjectConfigurationPlatforms) = postSolution
		{FBF3373B-775A-462A-AAA4-F6667AC6792A}.Debug|Any CPU.ActiveCfg = Debug|Any CPU
		{FBF3373B-775A-462A-AAA4-F6667AC6792A}.Debug|Any CPU.Build.0 = Debug|Any CPU
		{FBF3373B-775A-462A-AAA4-F6667AC6792A}.Release|Any CPU.ActiveCfg = Release|Any CPU
		{FBF3373B-775A-462A-AAA4-F6667AC6792A}.Release|Any CPU.Build.0 = Release|Any CPU
		{BE209824-88FF-4C5E-A50C-CA245D725783}.Debug|Any CPU.ActiveCfg = Debug|Any CPU
		{BE209824-88FF-4C5E-A50C-CA245D725783}.Debug|Any CPU.Build.0 = Debug|Any CPU
		{BE209824-88FF-4C5E-A50C-CA245D725783}.Release|Any CPU.ActiveCfg = Release|Any CPU
		{BE209824-88FF-4C5E-A50C-CA245D725783}.Release|Any CPU.Build.0 = Release|Any CPU
	EndGlobalSection
	GlobalSection(SolutionProperties) = preSolution
		HideSolutionNode = FALSE
	EndGlobalSection
	GlobalSection(NestedProjects) = preSolution
		{FBF3373B-775A-462A-AAA4-F6667AC6792A} = {E571784E-A41E-4468-AA87-534EE0C53B54}
		{E571784E-A41E-4468-AA87-534EE0C53B54} = {D6A67663-4D7D-4D2D-AD03-7AF6CB94D192}
		{BE209824-88FF-4C5E-A50C-CA245D725783} = {62E621C0-0110-4546-BDF5-DBAA3C76A365}
		{62E621C0-0110-4546-BDF5-DBAA3C76A365} = {D6A67663-4D7D-4D2D-AD03-7AF6CB94D192}
	EndGlobalSection
EndGlobal
